
Microsoft Visual Studio Solution File, Format Version 12.00
Project("{2150E333-8FDC-42A3-9474-1A3956D46DE8}") = "1.Introduction", "1.Introduction", "{09320220-20EA-4675-A83D-939E414DF61A}"
EndProject
Project("{2150E333-8FDC-42A3-9474-1A3956D46DE8}") = "2.Fundamentals", "2.Fundamentals", "{A2E09786-766B-4AD4-90F9-11F13075BF7F}"
EndProject
Project("{2150E333-8FDC-42A3-9474-1A3956D46DE8}") = "3.ResolvingDeps", "3.ResolvingDeps", "{919972C2-C7DD-416A-96C0-084EB4067188}"
EndProject
Project("{2150E333-8FDC-42A3-9474-1A3956D46DE8}") = "4.DeepDive", "4.DeepDive", "{8AF80244-72EF-4203-9BF1-6AFA5D8A14E8}"
EndProject
Project("{2150E333-8FDC-42A3-9474-1A3956D46DE8}") = "5.Advanced", "5.Advanced", "{A34859EA-BB3B-471E-98FD-1451CCC87DDE}"
EndProject
Project("{2150E333-8FDC-42A3-9474-1A3956D46DE8}") = "6.Scrutor", "6.Scrutor", "{F2F667C1-37B8-4775-9D1F-461489BD4C18}"
EndProject
Project("{2150E333-8FDC-42A3-9474-1A3956D46DE8}") = "7.NewDiFramework", "7.NewDiFramework", "{DAD86FE6-8AA2-4D92-8558-36BCD71664FB}"
EndProject
Project("{2150E333-8FDC-42A3-9474-1A3956D46DE8}") = "LearningMaterial", "LearningMaterial", "{60F18D69-AC57-4471-879F-6419795F2EAA}"
EndProject
Project("{FAE04EC0-301F-11D3-BF4B-00C04F79EFBC}") = "TheDependencyProblem", "1.Introduction\TheDependencyProblem\TheDependencyProblem.csproj", "{6A2A2919-B502-4FDF-BC06-FD45DBA34C7B}"
EndProject
Project("{FAE04EC0-301F-11D3-BF4B-00C04F79EFBC}") = "TheDependencyProblem.Tests.Unit", "1.Introduction\TheDependencyProblem.Tests.Unit\TheDependencyProblem.Tests.Unit.csproj", "{B8875E08-D7D5-4591-B617-0278F0AC43D8}"
EndProject
Project("{FAE04EC0-301F-11D3-BF4B-00C04F79EFBC}") = "Weather.Api", "LearningMaterial\Weather.Api\Weather.Api.csproj", "{20FF7796-B7DB-43F4-B9A3-C9F421FA0E98}"
EndProject
Project("{FAE04EC0-301F-11D3-BF4B-00C04F79EFBC}") = "Weather.Api", "2.Fundamentals\Weather.Api\Weather.Api.csproj", "{DA08FEE2-3664-4425-86DE-812D4FBBA87A}"
EndProject
Project("{FAE04EC0-301F-11D3-BF4B-00C04F79EFBC}") = "Weather.ConsoleApp", "2.Fundamentals\Weather.ConsoleApp\Weather.ConsoleApp.csproj", "{233ED3E7-D99F-47D7-8617-C5448F6B229B}"
EndProject
Project("{FAE04EC0-301F-11D3-BF4B-00C04F79EFBC}") = "ResolvingDeps.BlazorServerApp", "3.ResolvingDeps\ResolvingDeps.BlazorServerApp\ResolvingDeps.BlazorServerApp.csproj", "{00B9B920-0812-4D67-8F70-723689D1A723}"
EndProject
Project("{FAE04EC0-301F-11D3-BF4B-00C04F79EFBC}") = "ResolvingDeps.BlazorWasm", "3.ResolvingDeps\ResolvingDeps.BlazorWasm\ResolvingDeps.BlazorWasm.csproj", "{6E839B0B-DB65-42A7-8502-A5D1A5749745}"
EndProject
Project("{FAE04EC0-301F-11D3-BF4B-00C04F79EFBC}") = "ResolvingDeps.ConsoleApp", "3.ResolvingDeps\ResolvingDeps.ConsoleApp\ResolvingDeps.ConsoleApp.csproj", "{1FCAC0C0-35D3-4FF0-8A4E-CFA828D1F3E3}"
EndProject
Project("{FAE04EC0-301F-11D3-BF4B-00C04F79EFBC}") = "ResolvingDeps.GrpcService", "3.ResolvingDeps\ResolvingDeps.GrpcService\ResolvingDeps.GrpcService.csproj", "{DE8618D8-F84F-43DA-A26A-A37D0D53FA2D}"
EndProject
Project("{FAE04EC0-301F-11D3-BF4B-00C04F79EFBC}") = "ResolvingDeps.MinimalApi", "3.ResolvingDeps\ResolvingDeps.MinimalApi\ResolvingDeps.MinimalApi.csproj", "{64B7286A-34A8-4337-AD31-F0640558AE26}"
EndProject
Project("{FAE04EC0-301F-11D3-BF4B-00C04F79EFBC}") = "ResolvingDeps.Mvc", "3.ResolvingDeps\ResolvingDeps.Mvc\ResolvingDeps.Mvc.csproj", "{DD62C009-14FD-43AB-A6B7-9E9C78A83B49}"
EndProject
Project("{FAE04EC0-301F-11D3-BF4B-00C04F79EFBC}") = "ResolvingDeps.WebApi", "3.ResolvingDeps\ResolvingDeps.WebApi\ResolvingDeps.WebApi.csproj", "{9EE7B1BD-6FF1-4608-947E-D80B1574292B}"
EndProject
Project("{FAE04EC0-301F-11D3-BF4B-00C04F79EFBC}") = "ResolvingDeps.WebApp", "3.ResolvingDeps\ResolvingDeps.WebApp\ResolvingDeps.WebApp.csproj", "{624747E8-C9FA-437C-9492-D609F725BA8F}"
EndProject
Project("{FAE04EC0-301F-11D3-BF4B-00C04F79EFBC}") = "Limitations.Api", "4.DeepDive\Limitations.Api\Limitations.Api.csproj", "{DC86B602-3249-4363-9F5C-320F9E7935F6}"
EndProject
Project("{FAE04EC0-301F-11D3-BF4B-00C04F79EFBC}") = "Weather.Api", "4.DeepDive\Weather.Api\Weather.Api.csproj", "{584F9C3D-7BD2-4D46-826E-A06FC55D5980}"
EndProject
Project("{FAE04EC0-301F-11D3-BF4B-00C04F79EFBC}") = "CustomScope.ConsoleApp", "5.Advanced\CustomScope.ConsoleApp\CustomScope.ConsoleApp.csproj", "{53473DF6-C315-48B5-8225-34F9DF497C4D}"
EndProject
Project("{FAE04EC0-301F-11D3-BF4B-00C04F79EFBC}") = "MultiFunction.ConsoleApp", "5.Advanced\MultiFunction.ConsoleApp\MultiFunction.ConsoleApp.csproj", "{D6C700D4-C875-4702-8BFD-EE5980EFA25C}"
EndProject
Project("{FAE04EC0-301F-11D3-BF4B-00C04F79EFBC}") = "Weather.Api", "5.Advanced\Weather.Api\Weather.Api.csproj", "{3C68C6B8-FCFB-4CF2-A4AC-C4505259DB05}"
EndProject
Project("{FAE04EC0-301F-11D3-BF4B-00C04F79EFBC}") = "Weather.Minimal.Api", "5.Advanced\Weather.Minimal.Api\Weather.Minimal.Api.csproj", "{FDA38FB4-70F4-4B07-A16E-D11008E9BB65}"
EndProject
Project("{FAE04EC0-301F-11D3-BF4B-00C04F79EFBC}") = "ScrutorScanning.ConsoleApp", "6.Scrutor\ScrutorScanning.ConsoleApp\ScrutorScanning.ConsoleApp.csproj", "{FEAC352B-B398-439C-95F6-0D90C88835A4}"
EndProject
Project("{FAE04EC0-301F-11D3-BF4B-00C04F79EFBC}") = "Weather.Api", "6.Scrutor\Weather.Api\Weather.Api.csproj", "{9FFC388E-1895-4C84-8B1B-6A5EAD212B98}"
EndProject
Project("{FAE04EC0-301F-11D3-BF4B-00C04F79EFBC}") = "DependencyInjectionFuture.ConsoleApp", "5.Advanced\DependencyInjectionFuture.ConsoleApp\DependencyInjectionFuture.ConsoleApp.csproj", "{0CAD876D-D233-4F0C-AE89-93A495CFCA29}"
EndProject
Global
	GlobalSection(SolutionConfigurationPlatforms) = preSolution
		Debug|Any CPU = Debug|Any CPU
		Release|Any CPU = Release|Any CPU
	EndGlobalSection
	GlobalSection(NestedProjects) = preSolution
		{6A2A2919-B502-4FDF-BC06-FD45DBA34C7B} = {09320220-20EA-4675-A83D-939E414DF61A}
		{B8875E08-D7D5-4591-B617-0278F0AC43D8} = {09320220-20EA-4675-A83D-939E414DF61A}
		{20FF7796-B7DB-43F4-B9A3-C9F421FA0E98} = {60F18D69-AC57-4471-879F-6419795F2EAA}
		{DA08FEE2-3664-4425-86DE-812D4FBBA87A} = {A2E09786-766B-4AD4-90F9-11F13075BF7F}
		{233ED3E7-D99F-47D7-8617-C5448F6B229B} = {A2E09786-766B-4AD4-90F9-11F13075BF7F}
		{00B9B920-0812-4D67-8F70-723689D1A723} = {919972C2-C7DD-416A-96C0-084EB4067188}
		{6E839B0B-DB65-42A7-8502-A5D1A5749745} = {919972C2-C7DD-416A-96C0-084EB4067188}
		{1FCAC0C0-35D3-4FF0-8A4E-CFA828D1F3E3} = {919972C2-C7DD-416A-96C0-084EB4067188}
		{DE8618D8-F84F-43DA-A26A-A37D0D53FA2D} = {919972C2-C7DD-416A-96C0-084EB4067188}
		{64B7286A-34A8-4337-AD31-F0640558AE26} = {919972C2-C7DD-416A-96C0-084EB4067188}
		{DD62C009-14FD-43AB-A6B7-9E9C78A83B49} = {919972C2-C7DD-416A-96C0-084EB4067188}
		{9EE7B1BD-6FF1-4608-947E-D80B1574292B} = {919972C2-C7DD-416A-96C0-084EB4067188}
		{624747E8-C9FA-437C-9492-D609F725BA8F} = {919972C2-C7DD-416A-96C0-084EB4067188}
		{DC86B602-3249-4363-9F5C-320F9E7935F6} = {8AF80244-72EF-4203-9BF1-6AFA5D8A14E8}
		{584F9C3D-7BD2-4D46-826E-A06FC55D5980} = {8AF80244-72EF-4203-9BF1-6AFA5D8A14E8}
		{53473DF6-C315-48B5-8225-34F9DF497C4D} = {A34859EA-BB3B-471E-98FD-1451CCC87DDE}
		{D6C700D4-C875-4702-8BFD-EE5980EFA25C} = {A34859EA-BB3B-471E-98FD-1451CCC87DDE}
		{3C68C6B8-FCFB-4CF2-A4AC-C4505259DB05} = {A34859EA-BB3B-471E-98FD-1451CCC87DDE}
		{FDA38FB4-70F4-4B07-A16E-D11008E9BB65} = {A34859EA-BB3B-471E-98FD-1451CCC87DDE}
		{FEAC352B-B398-439C-95F6-0D90C88835A4} = {F2F667C1-37B8-4775-9D1F-461489BD4C18}
		{9FFC388E-1895-4C84-8B1B-6A5EAD212B98} = {F2F667C1-37B8-4775-9D1F-461489BD4C18}
		{0CAD876D-D233-4F0C-AE89-93A495CFCA29} = {A34859EA-BB3B-471E-98FD-1451CCC87DDE}
	EndGlobalSection
	GlobalSection(ProjectConfigurationPlatforms) = postSolution
		{6A2A2919-B502-4FDF-BC06-FD45DBA34C7B}.Debug|Any CPU.ActiveCfg = Debug|Any CPU
		{6A2A2919-B502-4FDF-BC06-FD45DBA34C7B}.Debug|Any CPU.Build.0 = Debug|Any CPU
		{6A2A2919-B502-4FDF-BC06-FD45DBA34C7B}.Release|Any CPU.ActiveCfg = Release|Any CPU
		{6A2A2919-B502-4FDF-BC06-FD45DBA34C7B}.Release|Any CPU.Build.0 = Release|Any CPU
		{B8875E08-D7D5-4591-B617-0278F0AC43D8}.Debug|Any CPU.ActiveCfg = Debug|Any CPU
		{B8875E08-D7D5-4591-B617-0278F0AC43D8}.Debug|Any CPU.Build.0 = Debug|Any CPU
		{B8875E08-D7D5-4591-B617-0278F0AC43D8}.Release|Any CPU.ActiveCfg = Release|Any CPU
		{B8875E08-D7D5-4591-B617-0278F0AC43D8}.Release|Any CPU.Build.0 = Release|Any CPU
		{20FF7796-B7DB-43F4-B9A3-C9F421FA0E98}.Debug|Any CPU.ActiveCfg = Debug|Any CPU
		{20FF7796-B7DB-43F4-B9A3-C9F421FA0E98}.Debug|Any CPU.Build.0 = Debug|Any CPU
		{20FF7796-B7DB-43F4-B9A3-C9F421FA0E98}.Release|Any CPU.ActiveCfg = Release|Any CPU
		{20FF7796-B7DB-43F4-B9A3-C9F421FA0E98}.Release|Any CPU.Build.0 = Release|Any CPU
		{DA08FEE2-3664-4425-86DE-812D4FBBA87A}.Debug|Any CPU.ActiveCfg = Debug|Any CPU
		{DA08FEE2-3664-4425-86DE-812D4FBBA87A}.Debug|Any CPU.Build.0 = Debug|Any CPU
		{DA08FEE2-3664-4425-86DE-812D4FBBA87A}.Release|Any CPU.ActiveCfg = Release|Any CPU
		{DA08FEE2-3664-4425-86DE-812D4FBBA87A}.Release|Any CPU.Build.0 = Release|Any CPU
		{233ED3E7-D99F-47D7-8617-C5448F6B229B}.Debug|Any CPU.ActiveCfg = Debug|Any CPU
		{233ED3E7-D99F-47D7-8617-C5448F6B229B}.Debug|Any CPU.Build.0 = Debug|Any CPU
		{233ED3E7-D99F-47D7-8617-C5448F6B229B}.Release|Any CPU.ActiveCfg = Release|Any CPU
		{233ED3E7-D99F-47D7-8617-C5448F6B229B}.Release|Any CPU.Build.0 = Release|Any CPU
		{00B9B920-0812-4D67-8F70-723689D1A723}.Debug|Any CPU.ActiveCfg = Debug|Any CPU
		{00B9B920-0812-4D67-8F70-723689D1A723}.Debug|Any CPU.Build.0 = Debug|Any CPU
		{00B9B920-0812-4D67-8F70-723689D1A723}.Release|Any CPU.ActiveCfg = Release|Any CPU
		{00B9B920-0812-4D67-8F70-723689D1A723}.Release|Any CPU.Build.0 = Release|Any CPU
		{6E839B0B-DB65-42A7-8502-A5D1A5749745}.Debug|Any CPU.ActiveCfg = Debug|Any CPU
		{6E839B0B-DB65-42A7-8502-A5D1A5749745}.Debug|Any CPU.Build.0 = Debug|Any CPU
		{6E839B0B-DB65-42A7-8502-A5D1A5749745}.Release|Any CPU.ActiveCfg = Release|Any CPU
		{6E839B0B-DB65-42A7-8502-A5D1A5749745}.Release|Any CPU.Build.0 = Release|Any CPU
		{1FCAC0C0-35D3-4FF0-8A4E-CFA828D1F3E3}.Debug|Any CPU.ActiveCfg = Debug|Any CPU
		{1FCAC0C0-35D3-4FF0-8A4E-CFA828D1F3E3}.Debug|Any CPU.Build.0 = Debug|Any CPU
		{1FCAC0C0-35D3-4FF0-8A4E-CFA828D1F3E3}.Release|Any CPU.ActiveCfg = Release|Any CPU
		{1FCAC0C0-35D3-4FF0-8A4E-CFA828D1F3E3}.Release|Any CPU.Build.0 = Release|Any CPU
		{DE8618D8-F84F-43DA-A26A-A37D0D53FA2D}.Debug|Any CPU.ActiveCfg = Debug|Any CPU
		{DE8618D8-F84F-43DA-A26A-A37D0D53FA2D}.Debug|Any CPU.Build.0 = Debug|Any CPU
		{DE8618D8-F84F-43DA-A26A-A37D0D53FA2D}.Release|Any CPU.ActiveCfg = Release|Any CPU
		{DE8618D8-F84F-43DA-A26A-A37D0D53FA2D}.Release|Any CPU.Build.0 = Release|Any CPU
		{64B7286A-34A8-4337-AD31-F0640558AE26}.Debug|Any CPU.ActiveCfg = Debug|Any CPU
		{64B7286A-34A8-4337-AD31-F0640558AE26}.Debug|Any CPU.Build.0 = Debug|Any CPU
		{64B7286A-34A8-4337-AD31-F0640558AE26}.Release|Any CPU.ActiveCfg = Release|Any CPU
		{64B7286A-34A8-4337-AD31-F0640558AE26}.Release|Any CPU.Build.0 = Release|Any CPU
		{DD62C009-14FD-43AB-A6B7-9E9C78A83B49}.Debug|Any CPU.ActiveCfg = Debug|Any CPU
		{DD62C009-14FD-43AB-A6B7-9E9C78A83B49}.Debug|Any CPU.Build.0 = Debug|Any CPU
		{DD62C009-14FD-43AB-A6B7-9E9C78A83B49}.Release|Any CPU.ActiveCfg = Release|Any CPU
		{DD62C009-14FD-43AB-A6B7-9E9C78A83B49}.Release|Any CPU.Build.0 = Release|Any CPU
		{9EE7B1BD-6FF1-4608-947E-D80B1574292B}.Debug|Any CPU.ActiveCfg = Debug|Any CPU
		{9EE7B1BD-6FF1-4608-947E-D80B1574292B}.Debug|Any CPU.Build.0 = Debug|Any CPU
		{9EE7B1BD-6FF1-4608-947E-D80B1574292B}.Release|Any CPU.ActiveCfg = Release|Any CPU
		{9EE7B1BD-6FF1-4608-947E-D80B1574292B}.Release|Any CPU.Build.0 = Release|Any CPU
		{624747E8-C9FA-437C-9492-D609F725BA8F}.Debug|Any CPU.ActiveCfg = Debug|Any CPU
		{624747E8-C9FA-437C-9492-D609F725BA8F}.Debug|Any CPU.Build.0 = Debug|Any CPU
		{624747E8-C9FA-437C-9492-D609F725BA8F}.Release|Any CPU.ActiveCfg = Release|Any CPU
		{624747E8-C9FA-437C-9492-D609F725BA8F}.Release|Any CPU.Build.0 = Release|Any CPU
		{DC86B602-3249-4363-9F5C-320F9E7935F6}.Debug|Any CPU.ActiveCfg = Debug|Any CPU
		{DC86B602-3249-4363-9F5C-320F9E7935F6}.Debug|Any CPU.Build.0 = Debug|Any CPU
		{DC86B602-3249-4363-9F5C-320F9E7935F6}.Release|Any CPU.ActiveCfg = Release|Any CPU
		{DC86B602-3249-4363-9F5C-320F9E7935F6}.Release|Any CPU.Build.0 = Release|Any CPU
		{584F9C3D-7BD2-4D46-826E-A06FC55D5980}.Debug|Any CPU.ActiveCfg = Debug|Any CPU
		{584F9C3D-7BD2-4D46-826E-A06FC55D5980}.Debug|Any CPU.Build.0 = Debug|Any CPU
		{584F9C3D-7BD2-4D46-826E-A06FC55D5980}.Release|Any CPU.ActiveCfg = Release|Any CPU
		{584F9C3D-7BD2-4D46-826E-A06FC55D5980}.Release|Any CPU.Build.0 = Release|Any CPU
		{53473DF6-C315-48B5-8225-34F9DF497C4D}.Debug|Any CPU.ActiveCfg = Debug|Any CPU
		{53473DF6-C315-48B5-8225-34F9DF497C4D}.Debug|Any CPU.Build.0 = Debug|Any CPU
		{53473DF6-C315-48B5-8225-34F9DF497C4D}.Release|Any CPU.ActiveCfg = Release|Any CPU
		{53473DF6-C315-48B5-8225-34F9DF497C4D}.Release|Any CPU.Build.0 = Release|Any CPU
		{D6C700D4-C875-4702-8BFD-EE5980EFA25C}.Debug|Any CPU.ActiveCfg = Debug|Any CPU
		{D6C700D4-C875-4702-8BFD-EE5980EFA25C}.Debug|Any CPU.Build.0 = Debug|Any CPU
		{D6C700D4-C875-4702-8BFD-EE5980EFA25C}.Release|Any CPU.ActiveCfg = Release|Any CPU
		{D6C700D4-C875-4702-8BFD-EE5980EFA25C}.Release|Any CPU.Build.0 = Release|Any CPU
		{3C68C6B8-FCFB-4CF2-A4AC-C4505259DB05}.Debug|Any CPU.ActiveCfg = Debug|Any CPU
		{3C68C6B8-FCFB-4CF2-A4AC-C4505259DB05}.Debug|Any CPU.Build.0 = Debug|Any CPU
		{3C68C6B8-FCFB-4CF2-A4AC-C4505259DB05}.Release|Any CPU.ActiveCfg = Release|Any CPU
		{3C68C6B8-FCFB-4CF2-A4AC-C4505259DB05}.Release|Any CPU.Build.0 = Release|Any CPU
		{FDA38FB4-70F4-4B07-A16E-D11008E9BB65}.Debug|Any CPU.ActiveCfg = Debug|Any CPU
		{FDA38FB4-70F4-4B07-A16E-D11008E9BB65}.Debug|Any CPU.Build.0 = Debug|Any CPU
		{FDA38FB4-70F4-4B07-A16E-D11008E9BB65}.Release|Any CPU.ActiveCfg = Release|Any CPU
		{FDA38FB4-70F4-4B07-A16E-D11008E9BB65}.Release|Any CPU.Build.0 = Release|Any CPU
		{FEAC352B-B398-439C-95F6-0D90C88835A4}.Debug|Any CPU.ActiveCfg = Debug|Any CPU
		{FEAC352B-B398-439C-95F6-0D90C88835A4}.Debug|Any CPU.Build.0 = Debug|Any CPU
		{FEAC352B-B398-439C-95F6-0D90C88835A4}.Release|Any CPU.ActiveCfg = Release|Any CPU
		{FEAC352B-B398-439C-95F6-0D90C88835A4}.Release|Any CPU.Build.0 = Release|Any CPU
		{9FFC388E-1895-4C84-8B1B-6A5EAD212B98}.Debug|Any CPU.ActiveCfg = Debug|Any CPU
		{9FFC388E-1895-4C84-8B1B-6A5EAD212B98}.Debug|Any CPU.Build.0 = Debug|Any CPU
		{9FFC388E-1895-4C84-8B1B-6A5EAD212B98}.Release|Any CPU.ActiveCfg = Release|Any CPU
		{9FFC388E-1895-4C84-8B1B-6A5EAD212B98}.Release|Any CPU.Build.0 = Release|Any CPU
		{0CAD876D-D233-4F0C-AE89-93A495CFCA29}.Debug|Any CPU.ActiveCfg = Debug|Any CPU
		{0CAD876D-D233-4F0C-AE89-93A495CFCA29}.Debug|Any CPU.Build.0 = Debug|Any CPU
		{0CAD876D-D233-4F0C-AE89-93A495CFCA29}.Release|Any CPU.ActiveCfg = Release|Any CPU
		{0CAD876D-D233-4F0C-AE89-93A495CFCA29}.Release|Any CPU.Build.0 = Release|Any CPU
	EndGlobalSection
EndGlobal
